
Microsoft Visual Studio Solution File, Format Version 12.00
# Visual Studio Version 16
VisualStudioVersion = 16.0.31313.79
MinimumVisualStudioVersion = 10.0.40219.1
Project("{9A19103F-16F7-4668-BE54-9A1E7A4F7556}") = "TagHelpers", "TagHelpers\TagHelpers.csproj", "{4B252D00-A2A6-4F0A-BD0F-C4F33C6EB583}"
EndProject
Project("{FAE04EC0-301F-11D3-BF4B-00C04F79EFBC}") = "HTMLHelpers", "HTMLHelpers\HTMLHelpers.csproj", "{BE1DD2B5-8B01-4852-ACC5-57F1B681C4DC}"
EndProject
Global
	GlobalSection(SolutionConfigurationPlatforms) = preSolution
		Debug|Any CPU = Debug|Any CPU
		Release|Any CPU = Release|Any CPU
	EndGlobalSection
	GlobalSection(ProjectConfigurationPlatforms) = postSolution
		{4B252D00-A2A6-4F0A-BD0F-C4F33C6EB583}.Debug|Any CPU.ActiveCfg = Debug|Any CPU
		{4B252D00-A2A6-4F0A-BD0F-C4F33C6EB583}.Debug|Any CPU.Build.0 = Debug|Any CPU
		{4B252D00-A2A6-4F0A-BD0F-C4F33C6EB583}.Release|Any CPU.ActiveCfg = Release|Any CPU
		{4B252D00-A2A6-4F0A-BD0F-C4F33C6EB583}.Release|Any CPU.Build.0 = Release|Any CPU
		{BE1DD2B5-8B01-4852-ACC5-57F1B681C4DC}.Debug|Any CPU.ActiveCfg = Debug|Any CPU
		{BE1DD2B5-8B01-4852-ACC5-57F1B681C4DC}.Debug|Any CPU.Build.0 = Debug|Any CPU
		{BE1DD2B5-8B01-4852-ACC5-57F1B681C4DC}.Release|Any CPU.ActiveCfg = Release|Any CPU
		{BE1DD2B5-8B01-4852-ACC5-57F1B681C4DC}.Release|Any CPU.Build.0 = Release|Any CPU
	EndGlobalSection
	GlobalSection(SolutionProperties) = preSolution
		HideSolutionNode = FALSE
	EndGlobalSection
	GlobalSection(ExtensibilityGlobals) = postSolution
		SolutionGuid = {3D233A9F-A98D-4A0B-9DCA-5C00ABFFB18B}
	EndGlobalSection
EndGlobal
